# This file is generated by running "yarn install" inside your project.
# Manual changes might be lost - proceed with caution!

__metadata:
  version: 6

"@realmdb/api@workspace:packages/api":
  version: 0.0.0-use.local
  resolution: "@realmdb/api@workspace:packages/api"
  languageName: unknown
  linkType: soft

"@realmdb/app@workspace:packages/app":
  version: 0.0.0-use.local
  resolution: "@realmdb/app@workspace:packages/app"
  languageName: unknown
  linkType: soft

"realmdb@workspace:.":
  version: 0.0.0-use.local
  resolution: "realmdb@workspace:."
  languageName: unknown
  linkType: soft
